
Microsoft Visual Studio Solution File, Format Version 12.00
# Visual Studio 15
VisualStudioVersion = 15.0.26730.12
MinimumVisualStudioVersion = 10.0.40219.1
Project("{F2A71F9B-5D33-465A-A702-920D77279786}") = "Delta", "Delta\Delta.fsproj", "{65EC2B85-8D09-4C48-927F-F77829CF2B53}"
EndProject
Global
	GlobalSection(SolutionConfigurationPlatforms) = preSolution
		Debug|Any CPU = Debug|Any CPU
		Release|Any CPU = Release|Any CPU
	EndGlobalSection
	GlobalSection(ProjectConfigurationPlatforms) = postSolution
		{65EC2B85-8D09-4C48-927F-F77829CF2B53}.Debug|Any CPU.ActiveCfg = Debug|Any CPU
		{65EC2B85-8D09-4C48-927F-F77829CF2B53}.Debug|Any CPU.Build.0 = Debug|Any CPU
		{65EC2B85-8D09-4C48-927F-F77829CF2B53}.Release|Any CPU.ActiveCfg = Release|Any CPU
		{65EC2B85-8D09-4C48-927F-F77829CF2B53}.Release|Any CPU.Build.0 = Release|Any CPU
	EndGlobalSection
	GlobalSection(SolutionProperties) = preSolution
		HideSolutionNode = FALSE
	EndGlobalSection
	GlobalSection(ExtensibilityGlobals) = postSolution
		SolutionGuid = {DBCE40F1-8B4D-40C5-A53C-234E9F30F045}
	EndGlobalSection
EndGlobal
